Microsoft Visual Studio Solution File, Format Version 12.00
# Visual Studio Version 17
VisualStudioVersion = 17.5.2.0
MinimumVisualStudioVersion = 10.0.40219.1
Project("{FAE04EC0-301F-11D3-BF4B-00C04F79EFBC}") = "SwiftXP.SPT.ShowMeTheMoney.QuickSell.Client", "Sources\Client\SwiftXP.SPT.ShowMeTheMoney.QuickSell.Client.csproj", "{F5F1444E-0077-34E3-93C4-9015605BBF12}"
EndProject
Global
	GlobalSection(SolutionConfigurationPlatforms) = preSolution
		Debug|Any CPU = Debug|Any CPU
		Release|Any CPU = Release|Any CPU
	EndGlobalSection
	GlobalSection(ProjectConfigurationPlatforms) = postSolution
		{F5F1444E-0077-34E3-93C4-9015605BBF12}.Debug|Any CPU.ActiveCfg = Debug|Any CPU
		{F5F1444E-0077-34E3-93C4-9015605BBF12}.Debug|Any CPU.Build.0 = Debug|Any CPU
		{F5F1444E-0077-34E3-93C4-9015605BBF12}.Release|Any CPU.ActiveCfg = Release|Any CPU
		{F5F1444E-0077-34E3-93C4-9015605BBF12}.Release|Any CPU.Build.0 = Release|Any CPU
	EndGlobalSection
	GlobalSection(SolutionProperties) = preSolution
		HideSolutionNode = FALSE
	EndGlobalSection
	GlobalSection(ExtensibilityGlobals) = postSolution
		SolutionGuid = {6FAFAE59-4391-4CBF-84F6-50F7760D8087}
	EndGlobalSection
EndGlobal
